
Microsoft Visual Studio Solution File, Format Version 12.00
# Visual Studio Version 17
VisualStudioVersion = 17.4.33122.133
MinimumVisualStudioVersion = 10.0.40219.1
Project("{FAE04EC0-301F-11D3-BF4B-00C04F79EFBC}") = "SMDataParser", "SMDataParser.csproj", "{8DCF4980-FE40-4D11-90F7-3E1E13EAE0A4}"
EndProject
Global
	GlobalSection(SolutionConfigurationPlatforms) = preSolution
		Debug|Any CPU = Debug|Any CPU
		Release|Any CPU = Release|Any CPU
	EndGlobalSection
	GlobalSection(ProjectConfigurationPlatforms) = postSolution
		{8DCF4980-FE40-4D11-90F7-3E1E13EAE0A4}.Debug|Any CPU.ActiveCfg = Debug|Any CPU
		{8DCF4980-FE40-4D11-90F7-3E1E13EAE0A4}.Debug|Any CPU.Build.0 = Debug|Any CPU
		{8DCF4980-FE40-4D11-90F7-3E1E13EAE0A4}.Release|Any CPU.ActiveCfg = Release|Any CPU
		{8DCF4980-FE40-4D11-90F7-3E1E13EAE0A4}.Release|Any CPU.Build.0 = Release|Any CPU
	EndGlobalSection
	GlobalSection(SolutionProperties) = preSolution
		HideSolutionNode = FALSE
	EndGlobalSection
	GlobalSection(ExtensibilityGlobals) = postSolution
		SolutionGuid = {D8104348-FDE2-40B0-8F21-16F68F66CF2A}
	EndGlobalSection
EndGlobal
