
Microsoft Visual Studio Solution File, Format Version 12.00
# Visual Studio Version 17
VisualStudioVersion = 17.4.33213.308
MinimumVisualStudioVersion = 10.0.40219.1
Project("{9A19103F-16F7-4668-BE54-9A1E7A4F7556}") = "HelixReportParser", "HelixReportParser.csproj", "{6AC3E61B-0E34-4B52-9429-58FC25DF3ADD}"
EndProject
Global
	GlobalSection(SolutionConfigurationPlatforms) = preSolution
		Debug|Any CPU = Debug|Any CPU
		Release|Any CPU = Release|Any CPU
	EndGlobalSection
	GlobalSection(ProjectConfigurationPlatforms) = postSolution
		{6AC3E61B-0E34-4B52-9429-58FC25DF3ADD}.Debug|Any CPU.ActiveCfg = Debug|Any CPU
		{6AC3E61B-0E34-4B52-9429-58FC25DF3ADD}.Debug|Any CPU.Build.0 = Debug|Any CPU
		{6AC3E61B-0E34-4B52-9429-58FC25DF3ADD}.Release|Any CPU.ActiveCfg = Release|Any CPU
		{6AC3E61B-0E34-4B52-9429-58FC25DF3ADD}.Release|Any CPU.Build.0 = Release|Any CPU
	EndGlobalSection
	GlobalSection(SolutionProperties) = preSolution
		HideSolutionNode = FALSE
	EndGlobalSection
	GlobalSection(ExtensibilityGlobals) = postSolution
		SolutionGuid = {C6174CB2-D295-4A6D-84F2-01139373671E}
	EndGlobalSection
EndGlobal
